github.com/ProtonMail/go-imap-id v0.0.0-20180531095342-e05907b730e0 h1:L7LjFTaLHm4z/eSfvAwjd6VEklpMOXm0bfsUWlBlfCs=
github.com/ProtonMail/go-imap-id v0.0.0-20180531095342-e05907b730e0/go.mod h1:795VPXcRUIQ9JyMNHP4el582VokQfippgjkQP3Gk0r0=
github.com/emersion/go-imap v1.0.0-beta.1 h1:bTCaVlUnb5mKoW9lEukusxguSYYZPer+q0g5t+vw5X0=
github.com/emersion/go-imap v1.0.0-beta.1/go.mod h1:oydmHwiyv92ZOiNfQY9BDax5heePWN8P2+W1B2T6qjc=
github.com/emersion/go-imap-move v0.0.0-20180601155324-5eb20cb834bf h1:TmRfuPmhrwAhWKu2XaBaY9N+anRRDBO+E8VRVO9g3fY=
github.com/emersion/go-imap-move v0.0.0-20180601155324-5eb20cb834bf/go.mod h1:QuMaZcKFDVI0yCrnAbPLfbwllz1wtOrZH8/vZ5yzp4w=
github.com/emersion/go-message v0.9.1 h1:s6HoJ6t+1wHWEs0G/QVR1r5bb6nvx2/b6DuQfknit14=
github.com/emersion/go-message v0.9.1/go.mod h1:m3cK90skCWxm5sIMs1sXxly4Tn9Plvcf6eayHZJ1NzM=
github.com/emersion/go-sasl v0.0.0-20161116183048-7e096a0a6197 h1:rDJPbyliyym8ZL/Wt71kdolp6yaD4fLIQz638E6JEt0=
github.com/emersion/go-sasl v0.0.0-20161116183048-7e096a0a6197/go.mod h1:G/dpzLu16WtQpBfQ/z3LYiYJn3ZhKSGWn83fyoyQe/k=
github.com/emersion/go-textwrapper v0.0.0-20160606182133-d0e65e56babe h1:40SWqY0zE3qCi6ZrtTf5OUdNm5lDnGnjRSq9GgmeTrg=
github.com/emersion/go-textwrapper v0.0.0-20160606182133-d0e65e56babe/go.mod h1:aqO8z8wPrjkscevZJFVE1wXJrLpC5LtJG7fqLOsPb2U=
golang.org/x/crypto v0.0.0-20190123085648-057139ce5d2b h1:Elez2XeF2p9uyVj0yEUDqQ56NFcDtcBNkYP7yv8YbUE=
golang.org/x/crypto v0.0.0-20190123085648-057139ce5d2b/go.mod h1:6SG95UA2DQfeDnfUPMdvaQW0Q7yPrPDi9nlGo2tz2b4=
golang.org/x/sys v0.0.0-20190124100055-b90733256f2e h1:3GIlrlVLfkoipSReOMNAgApI0ajnalyLa/EZHHca/XI=
golang.org/x/sys v0.0.0-20190124100055-b90733256f2e/go.mod h1:STP8DvDyc/dI5b8T5hshtkjS+E42TnysNCUPdjciGhY=
golang.org/x/text v0.3.0 h1:g61tztE5qeGQ89tm6NTjjM9VPIm088od1l6aSorWRWg=
golang.org/x/text v0.3.0/go.mod h1:NqM8EUOU14njkJ3fqMW+pc6Ldnwhi/IjpwHt7yyuwOQ=
gopkg.in/urfave/cli.v1 v1.20.0 h1:NdAVW6RYxDif9DhDHaAortIu956m2c0v+09AZBPTbE0=
gopkg.in/urfave/cli.v1 v1.20.0/go.mod h1:vuBzUtMdQeixQj8LVd+/98pzhxNGQoyuPBlsXHOQNO0=
